{
  "nodes": {
    "nixpkgs": {
      "locked": {
        "lastModified": 1779041105,
        "narHash": "sha256-nnGD2f8OlAZT2i5OfwikJsw+ifWfiA4d6A8BWlgOXV0=",
        "rev": "10e6e3cb966f7cfcc789fe5eee7a85f3188ce08b",
        "revCount": 858,
        "type": "tarball",
        "url": "https://api.flakehub.com/f/pinned/DeterminateSystems/secure-packages-rolling/0.1.858%2Brev-10e6e3cb966f7cfcc789fe5eee7a85f3188ce08b/019e3726-d9ea-7820-aece-59009301cab1/source.tar.gz"
      },
      "original": {
        "type": "tarball",
        "url": "https://flakehub.com/f/DeterminateSystems/secure-packages-rolling/*"
      }
    },
    "root": {
      "inputs": {
        "nixpkgs": "nixpkgs"
      }
    }
  },
  "root": "root",
  "version": 7
}
